
Microsoft Visual Studio Solution File, Format Version 12.00
# Visual Studio 15
VisualStudioVersion = 15.0.26124.0
MinimumVisualStudioVersion = 15.0.26124.0
Project("{2150E333-8FDC-42A3-9474-1A3956D46DE8}") = "src", "src", "{F6C47448-32AC-42FD-9C23-1711F5C7F4A1}"
EndProject
Project("{FAE04EC0-301F-11D3-BF4B-00C04F79EFBC}") = "FastFunctionCall.CallBenchmark", "src\FastFunctionCall.CallBenchmark\FastFunctionCall.CallBenchmark.csproj", "{EE0CC256-7B08-4036-A9F9-59E0BF8CB531}"
EndProject
Global
	GlobalSection(SolutionConfigurationPlatforms) = preSolution
		Debug|Any CPU = Debug|Any CPU
		Debug|x64 = Debug|x64
		Debug|x86 = Debug|x86
		Release|Any CPU = Release|Any CPU
		Release|x64 = Release|x64
		Release|x86 = Release|x86
	EndGlobalSection
	GlobalSection(SolutionProperties) = preSolution
		HideSolutionNode = FALSE
	EndGlobalSection
	GlobalSection(ProjectConfigurationPlatforms) = postSolution
		{EE0CC256-7B08-4036-A9F9-59E0BF8CB531}.Debug|Any CPU.ActiveCfg = Debug|Any CPU
		{EE0CC256-7B08-4036-A9F9-59E0BF8CB531}.Debug|Any CPU.Build.0 = Debug|Any CPU
		{EE0CC256-7B08-4036-A9F9-59E0BF8CB531}.Debug|x64.ActiveCfg = Debug|Any CPU
		{EE0CC256-7B08-4036-A9F9-59E0BF8CB531}.Debug|x64.Build.0 = Debug|Any CPU
		{EE0CC256-7B08-4036-A9F9-59E0BF8CB531}.Debug|x86.ActiveCfg = Debug|Any CPU
		{EE0CC256-7B08-4036-A9F9-59E0BF8CB531}.Debug|x86.Build.0 = Debug|Any CPU
		{EE0CC256-7B08-4036-A9F9-59E0BF8CB531}.Release|Any CPU.ActiveCfg = Release|Any CPU
		{EE0CC256-7B08-4036-A9F9-59E0BF8CB531}.Release|Any CPU.Build.0 = Release|Any CPU
		{EE0CC256-7B08-4036-A9F9-59E0BF8CB531}.Release|x64.ActiveCfg = Release|Any CPU
		{EE0CC256-7B08-4036-A9F9-59E0BF8CB531}.Release|x64.Build.0 = Release|Any CPU
		{EE0CC256-7B08-4036-A9F9-59E0BF8CB531}.Release|x86.ActiveCfg = Release|Any CPU
		{EE0CC256-7B08-4036-A9F9-59E0BF8CB531}.Release|x86.Build.0 = Release|Any CPU
	EndGlobalSection
	GlobalSection(NestedProjects) = preSolution
		{EE0CC256-7B08-4036-A9F9-59E0BF8CB531} = {F6C47448-32AC-42FD-9C23-1711F5C7F4A1}
	EndGlobalSection
EndGlobal
